
Microsoft Visual Studio Solution File, Format Version 12.00
# Visual Studio Version 17
VisualStudioVersion = 17.7.34202.233
MinimumVisualStudioVersion = 10.0.40219.1
Project("{9A19103F-16F7-4668-BE54-9A1E7A4F7556}") = "HW(Web)_1(WEB API)", "HW(Web)_1(WEB API)\HW(Web)_1(WEB API).csproj", "{1AD2650C-941B-4FC0-8D70-5C6325209C0C}"
EndProject
Project("{FAE04EC0-301F-11D3-BF4B-00C04F79EFBC}") = "DataProject", "..\DataProject\DataProject.csproj", "{C784DB63-222B-41BF-B92F-EEDF00C7EC45}"
EndProject
Global
	GlobalSection(SolutionConfigurationPlatforms) = preSolution
		Debug|Any CPU = Debug|Any CPU
		Release|Any CPU = Release|Any CPU
	EndGlobalSection
	GlobalSection(ProjectConfigurationPlatforms) = postSolution
		{1AD2650C-941B-4FC0-8D70-5C6325209C0C}.Debug|Any CPU.ActiveCfg = Debug|Any CPU
		{1AD2650C-941B-4FC0-8D70-5C6325209C0C}.Debug|Any CPU.Build.0 = Debug|Any CPU
		{1AD2650C-941B-4FC0-8D70-5C6325209C0C}.Release|Any CPU.ActiveCfg = Release|Any CPU
		{1AD2650C-941B-4FC0-8D70-5C6325209C0C}.Release|Any CPU.Build.0 = Release|Any CPU
		{C784DB63-222B-41BF-B92F-EEDF00C7EC45}.Debug|Any CPU.ActiveCfg = Debug|Any CPU
		{C784DB63-222B-41BF-B92F-EEDF00C7EC45}.Debug|Any CPU.Build.0 = Debug|Any CPU
		{C784DB63-222B-41BF-B92F-EEDF00C7EC45}.Release|Any CPU.ActiveCfg = Release|Any CPU
		{C784DB63-222B-41BF-B92F-EEDF00C7EC45}.Release|Any CPU.Build.0 = Release|Any CPU
	EndGlobalSection
	GlobalSection(SolutionProperties) = preSolution
		HideSolutionNode = FALSE
	EndGlobalSection
	GlobalSection(ExtensibilityGlobals) = postSolution
		SolutionGuid = {E37885F2-90F9-438C-816E-9FF70EE25F84}
	EndGlobalSection
EndGlobal
